# This file is autogenerated, do not edit; changes may be undone by the next 'dep ensure'.


[[projects]]
  name = "github.com/Knetic/govaluate"
  packages = ["."]
  revision = "d216395917cc49052c7c7094cf57f09657ca08a8"
  version = "v3.0.0"

[[projects]]
  name = "github.com/cloudflare/cfssl"
  packages = [
    "api",
    "auth",
    "certdb",
    "config",
    "crypto/pkcs7",
    "csr",
    "errors",
    "helpers",
    "helpers/derhelpers",
    "info",
    "log",
    "ocsp/config",
    "signer"
  ]
  revision = "5d63dbd981b5c408effbb58c442d54761ff94fbd"
  version = "1.3.2"

[[projects]]
  name = "github.com/davecgh/go-spew"
  packages = ["spew"]
  revision = "346938d642f2ec3594ed81d874461961cd0faa76"
  version = "v1.1.0"

[[projects]]
  name = "github.com/fsnotify/fsnotify"
  packages = ["."]
  revision = "c2828203cd70a50dcccfb2761f8b1f8ceef9a8e9"
  version = "v1.4.7"

[[projects]]
  branch = "master"
  name = "github.com/golang/mock"
  packages = ["gomock"]
  revision = "22bbf0ddf08105dfa364d0a2fa619dfa71014af5"

[[projects]]
  name = "github.com/golang/protobuf"
  packages = [
    "proto",
    "ptypes",
    "ptypes/any",
    "ptypes/duration",
    "ptypes/timestamp"
  ]
  revision = "b4deda0973fb4c70b50d226b1af49f3da59f5265"
  version = "v1.1.0"

[[projects]]
  name = "github.com/google/certificate-transparency-go"
  packages = [
    ".",
    "asn1",
    "tls",
    "x509",
    "x509/pkix"
  ]
  revision = "5ab67e519c93568ac3ee50fd6772a5bcf8aa460d"

[[projects]]
  branch = "master"
  name = "github.com/hashicorp/hcl"
  packages = [
    ".",
    "hcl/ast",
    "hcl/parser",
    "hcl/printer",
    "hcl/scanner",
    "hcl/strconv",
    "hcl/token",
    "json/parser",
    "json/scanner",
    "json/token"
  ]
  revision = "ef8a98b0bbce4a65b5aa4c368430a80ddc533168"

[[projects]]
  name = "github.com/hyperledger/fabric-sdk-go"
  packages = [
    "internal/github.com/hyperledger/fabric-ca/api",
    "internal/github.com/hyperledger/fabric-ca/lib",
    "internal/github.com/hyperledger/fabric-ca/lib/client/credential",
    "internal/github.com/hyperledger/fabric-ca/lib/client/credential/x509",
    "internal/github.com/hyperledger/fabric-ca/lib/common",
    "internal/github.com/hyperledger/fabric-ca/lib/streamer",
    "internal/github.com/hyperledger/fabric-ca/lib/tls",
    "internal/github.com/hyperledger/fabric-ca/sdkpatch/cryptosuitebridge",
    "internal/github.com/hyperledger/fabric-ca/sdkpatch/logbridge",
    "internal/github.com/hyperledger/fabric-ca/util",
    "internal/github.com/hyperledger/fabric/bccsp",
    "internal/github.com/hyperledger/fabric/bccsp/factory/sw",
    "internal/github.com/hyperledger/fabric/bccsp/signer",
    "internal/github.com/hyperledger/fabric/bccsp/sw",
    "internal/github.com/hyperledger/fabric/bccsp/utils",
    "internal/github.com/hyperledger/fabric/common/attrmgr",
    "internal/github.com/hyperledger/fabric/common/channelconfig",
    "internal/github.com/hyperledger/fabric/common/crypto",
    "internal/github.com/hyperledger/fabric/common/ledger",
    "internal/github.com/hyperledger/fabric/common/util",
    "internal/github.com/hyperledger/fabric/core/ledger",
    "internal/github.com/hyperledger/fabric/discovery/client",
    "internal/github.com/hyperledger/fabric/msp",
    "internal/github.com/hyperledger/fabric/protos/discovery",
    "internal/github.com/hyperledger/fabric/protos/gossip",
    "internal/github.com/hyperledger/fabric/protos/orderer",
    "internal/github.com/hyperledger/fabric/sdkpatch/cryptosuitebridge",
    "internal/github.com/hyperledger/fabric/sdkpatch/logbridge",
    "pkg/client/channel",
    "pkg/client/channel/invoke",
    "pkg/client/common/discovery",
    "pkg/client/common/discovery/dynamicdiscovery",
    "pkg/client/common/discovery/greylist",
    "pkg/client/common/discovery/staticdiscovery",
    "pkg/client/common/filter",
    "pkg/client/common/selection/dynamicselection",
    "pkg/client/common/selection/dynamicselection/pgresolver",
    "pkg/client/common/selection/fabricselection",
    "pkg/client/common/selection/options",
    "pkg/client/common/verifier",
    "pkg/client/event",
    "pkg/client/msp",
    "pkg/client/resmgmt",
    "pkg/common/errors/multi",
    "pkg/common/errors/retry",
    "pkg/common/errors/status",
    "pkg/common/logging",
    "pkg/common/options",
    "pkg/common/providers/context",
    "pkg/common/providers/core",
    "pkg/common/providers/fab",
    "pkg/common/providers/msp",
    "pkg/common/providers/test/mockfab",
    "pkg/context",
    "pkg/core/config",
    "pkg/core/config/comm",
    "pkg/core/config/comm/tls",
    "pkg/core/config/cryptoutil",
    "pkg/core/config/endpoint",
    "pkg/core/config/lookup",
    "pkg/core/cryptosuite",
    "pkg/core/cryptosuite/bccsp/sw",
    "pkg/core/cryptosuite/bccsp/wrapper",
    "pkg/core/logging/api",
    "pkg/core/logging/metadata",
    "pkg/core/logging/modlog",
    "pkg/core/mocks",
    "pkg/fab",
    "pkg/fab/ccpackager/gopackager",
    "pkg/fab/channel",
    "pkg/fab/channel/membership",
    "pkg/fab/chconfig",
    "pkg/fab/comm",
    "pkg/fab/discovery",
    "pkg/fab/events/api",
    "pkg/fab/events/client",
    "pkg/fab/events/client/dispatcher",
    "pkg/fab/events/client/lbp",
    "pkg/fab/events/deliverclient",
    "pkg/fab/events/deliverclient/connection",
    "pkg/fab/events/deliverclient/dispatcher",
    "pkg/fab/events/deliverclient/seek",
    "pkg/fab/events/endpoint",
    "pkg/fab/events/eventhubclient",
    "pkg/fab/events/eventhubclient/connection",
    "pkg/fab/events/eventhubclient/dispatcher",
    "pkg/fab/events/service",
    "pkg/fab/events/service/blockfilter",
    "pkg/fab/events/service/dispatcher",
    "pkg/fab/keyvaluestore",
    "pkg/fab/mocks",
    "pkg/fab/orderer",
    "pkg/fab/peer",
    "pkg/fab/resource",
    "pkg/fab/signingmgr",
    "pkg/fab/txn",
    "pkg/fabsdk",
    "pkg/fabsdk/api",
    "pkg/fabsdk/factory/defcore",
    "pkg/fabsdk/factory/defmsp",
    "pkg/fabsdk/factory/defsvc",
    "pkg/fabsdk/provider/chpvdr",
    "pkg/fabsdk/provider/fabpvdr",
    "pkg/fabsdk/provider/msppvdr",
    "pkg/msp",
    "pkg/msp/api",
    "pkg/msp/test/mockmsp",
    "pkg/util/concurrent/futurevalue",
    "pkg/util/concurrent/lazycache",
    "pkg/util/concurrent/lazyref",
    "pkg/util/pathvar",
    "pkg/util/test",
    "test/metadata",
    "third_party/github.com/hyperledger/fabric/common/cauthdsl",
    "third_party/github.com/hyperledger/fabric/core/common/ccprovider",
    "third_party/github.com/hyperledger/fabric/core/ledger/kvledger/txmgmt/rwsetutil",
    "third_party/github.com/hyperledger/fabric/core/ledger/util",
    "third_party/github.com/hyperledger/fabric/protos/common",
    "third_party/github.com/hyperledger/fabric/protos/ledger/rwset",
    "third_party/github.com/hyperledger/fabric/protos/ledger/rwset/kvrwset",
    "third_party/github.com/hyperledger/fabric/protos/msp",
    "third_party/github.com/hyperledger/fabric/protos/orderer",
    "third_party/github.com/hyperledger/fabric/protos/peer",
    "third_party/github.com/hyperledger/fabric/protos/utils"
  ]
  revision = "a906355f73d060d7bf95874a9e90dc17589edbb3"

[[projects]]
  name = "github.com/magiconair/properties"
  packages = ["."]
  revision = "c2353362d570a7bfa228149c62842019201cfb71"
  version = "v1.8.0"

[[projects]]
  branch = "master"
  name = "github.com/mitchellh/mapstructure"
  packages = ["."]
  revision = "bb74f1db0675b241733089d5a1faa5dd8b0ef57b"

[[projects]]
  name = "github.com/pelletier/go-toml"
  packages = ["."]
  revision = "c01d1270ff3e442a8a57cddc1c92dc1138598194"
  version = "v1.2.0"

[[projects]]
  branch = "master"
  name = "github.com/pkg/errors"
  packages = ["."]
  revision = "816c9085562cd7ee03e7f8188a1cfd942858cded"

[[projects]]
  name = "github.com/pmezard/go-difflib"
  packages = ["difflib"]
  revision = "792786c7400a136282c1664665ae0a8db921c6c2"
  version = "v1.0.0"

[[projects]]
  name = "github.com/spf13/afero"
  packages = [
    ".",
    "mem"
  ]
  revision = "787d034dfe70e44075ccc060d346146ef53270ad"
  version = "v1.1.1"

[[projects]]
  name = "github.com/spf13/cast"
  packages = ["."]
  revision = "8965335b8c7107321228e3e3702cab9832751bac"
  version = "v1.2.0"

[[projects]]
  branch = "master"
  name = "github.com/spf13/jwalterweatherman"
  packages = ["."]
  revision = "7c0cea34c8ece3fbeb2b27ab9b59511d360fb394"

[[projects]]
  name = "github.com/spf13/pflag"
  packages = ["."]
  revision = "583c0c0531f06d5278b7d917446061adc344b5cd"
  version = "v1.0.1"

[[projects]]
  branch = "master"
  name = "github.com/spf13/viper"
  packages = ["."]
  revision = "15738813a09db5c8e5b60a19d67d3f9bd38da3a4"

[[projects]]
  name = "github.com/stretchr/testify"
  packages = ["assert"]
  revision = "f35b8ab0b5a2cef36673838d662e249dd9c94686"
  version = "v1.2.2"

[[projects]]
  branch = "master"
  name = "golang.org/x/crypto"
  packages = [
    "cryptobyte",
    "cryptobyte/asn1",
    "ocsp",
    "pkcs12",
    "pkcs12/internal/rc2",
    "sha3"
  ]
  revision = "a8fb68e7206f8c78be19b432c58eb52a6aa34462"

[[projects]]
  branch = "master"
  name = "golang.org/x/net"
  packages = [
    "context",
    "http/httpguts",
    "http2",
    "http2/hpack",
    "idna",
    "internal/timeseries",
    "trace"
  ]
  revision = "db08ff08e8622530d9ed3a0e8ac279f6d4c02196"

[[projects]]
  branch = "master"
  name = "golang.org/x/sys"
  packages = ["unix"]
  revision = "8014b7b116a67fea23fbb82cd834c9ad656ea44b"

[[projects]]
  name = "golang.org/x/text"
  packages = [
    "collate",
    "collate/build",
    "internal/colltab",
    "internal/gen",
    "internal/tag",
    "internal/triegen",
    "internal/ucd",
    "language",
    "secure/bidirule",
    "transform",
    "unicode/bidi",
    "unicode/cldr",
    "unicode/norm",
    "unicode/rangetable"
  ]
  revision = "f21a4dfb5e38f5895301dc265a8def02365cc3d0"
  version = "v0.3.0"

[[projects]]
  branch = "master"
  name = "google.golang.org/genproto"
  packages = ["googleapis/rpc/status"]
  revision = "32ee49c4dd805befd833990acba36cb75042378c"

[[projects]]
  name = "google.golang.org/grpc"
  packages = [
    ".",
    "balancer",
    "balancer/base",
    "balancer/roundrobin",
    "channelz",
    "codes",
    "connectivity",
    "credentials",
    "encoding",
    "encoding/proto",
    "grpclb/grpc_lb_v1/messages",
    "grpclog",
    "internal",
    "keepalive",
    "metadata",
    "naming",
    "peer",
    "resolver",
    "resolver/dns",
    "resolver/passthrough",
    "stats",
    "status",
    "tap",
    "transport"
  ]
  revision = "7a6a684ca69eb4cae85ad0a484f2e531598c047b"
  version = "v1.12.2"

[[projects]]
  name = "gopkg.in/yaml.v2"
  packages = ["."]
  revision = "5420a8b6744d3b0345ab293f6fcba19c978f1183"
  version = "v2.2.1"

[solve-meta]
  analyzer-name = "dep"
  analyzer-version = 1
  inputs-digest = "5df090ab6a6971053040b076490f577e10775efc672fee56e30447c1d0ecbac5"
  solver-name = "gps-cdcl"
  solver-version = 1
