# This file is autogenerated, do not edit; changes may be undone by the next 'dep ensure'.


[[projects]]
  branch = "master"
  name = "github.com/Azure/go-ansiterm"
  packages = [
    ".",
    "winterm"
  ]
  revision = "d6e3b3328b783f23731bc4d058875b0371ff8109"

[[projects]]
  name = "github.com/Knetic/govaluate"
  packages = ["."]
  revision = "d216395917cc49052c7c7094cf57f09657ca08a8"
  version = "v3.0.0"

[[projects]]
  name = "github.com/Microsoft/go-winio"
  packages = ["."]
  revision = "7da180ee92d8bd8bb8c37fc560e673e6557c392f"
  version = "v0.4.7"

[[projects]]
  branch = "master"
  name = "github.com/Nvveen/Gotty"
  packages = ["."]
  revision = "cd527374f1e5bff4938207604a14f2e38a9cf512"

[[projects]]
  branch = "master"
  name = "github.com/cloudflare/cfssl"
  packages = [
    "api",
    "auth",
    "certdb",
    "config",
    "crypto/pkcs7",
    "csr",
    "errors",
    "helpers",
    "helpers/derhelpers",
    "info",
    "log",
    "ocsp/config",
    "signer"
  ]
  revision = "1ae5a465bbe0ce48067127e7092edb300f6c9c0a"

[[projects]]
  branch = "master"
  name = "github.com/containerd/continuity"
  packages = ["pathdriver"]
  revision = "b2b946a77f5973f420514090d6f6dd58b08303f0"

[[projects]]
  name = "github.com/docker/docker"
  packages = [
    "api/types",
    "api/types/blkiodev",
    "api/types/container",
    "api/types/filters",
    "api/types/mount",
    "api/types/network",
    "api/types/registry",
    "api/types/strslice",
    "api/types/swarm",
    "api/types/swarm/runtime",
    "api/types/versions",
    "opts",
    "pkg/archive",
    "pkg/fileutils",
    "pkg/homedir",
    "pkg/idtools",
    "pkg/ioutils",
    "pkg/jsonmessage",
    "pkg/longpath",
    "pkg/mount",
    "pkg/pools",
    "pkg/stdcopy",
    "pkg/system",
    "pkg/term",
    "pkg/term/windows"
  ]
  revision = "fe8aac6f5ae413a967adb0adad0b54abdfb825c4"

[[projects]]
  name = "github.com/docker/go-connections"
  packages = ["nat"]
  revision = "3ede32e2033de7505e6500d6c868c2b9ed9f169d"
  version = "v0.3.0"

[[projects]]
  name = "github.com/docker/go-units"
  packages = ["."]
  revision = "0dadbb0345b35ec7ef35e228dabb8de89a65bf52"
  version = "v0.3.2"

[[projects]]
  name = "github.com/fsnotify/fsnotify"
  packages = ["."]
  revision = "c2828203cd70a50dcccfb2761f8b1f8ceef9a8e9"
  version = "v1.4.7"

[[projects]]
  name = "github.com/fsouza/go-dockerclient"
  packages = ["."]
  revision = "2ff310040c161b75fa19fb9b287a90a6e03c0012"
  version = "1.1"

[[projects]]
  name = "github.com/gogo/protobuf"
  packages = ["proto"]
  revision = "342cbe0a04158f6dcb03ca0079991a51a4248c02"
  version = "v0.5"

[[projects]]
  branch = "master"
  name = "github.com/golang/protobuf"
  packages = [
    "proto",
    "ptypes",
    "ptypes/any",
    "ptypes/duration",
    "ptypes/empty",
    "ptypes/timestamp"
  ]
  revision = "925541529c1fa6821df4e44ce2723319eb2be768"

[[projects]]
  branch = "master"
  name = "github.com/google/certificate-transparency-go"
  packages = [
    ".",
    "asn1",
    "tls",
    "x509",
    "x509/pkix"
  ]
  revision = "565dc33ed1f4f57523d464a59b3ece8c93944dce"

[[projects]]
  branch = "master"
  name = "github.com/hashicorp/hcl"
  packages = [
    ".",
    "hcl/ast",
    "hcl/parser",
    "hcl/printer",
    "hcl/scanner",
    "hcl/strconv",
    "hcl/token",
    "json/parser",
    "json/scanner",
    "json/token"
  ]
  revision = "23c074d0eceb2b8a5bfdbb271ab780cde70f05a8"

[[projects]]
  name = "github.com/hyperledger/fabric"
  packages = [
    "bccsp",
    "bccsp/factory",
    "bccsp/pkcs11",
    "bccsp/signer",
    "bccsp/sw",
    "bccsp/utils",
    "common/crypto",
    "common/errors",
    "common/flogging",
    "common/ledger",
    "common/metadata",
    "common/util",
    "core/chaincode/platforms",
    "core/chaincode/platforms/car",
    "core/chaincode/platforms/golang",
    "core/chaincode/platforms/java",
    "core/chaincode/platforms/util",
    "core/chaincode/shim",
    "core/comm",
    "core/config",
    "core/container/util",
    "msp",
    "protos/common",
    "protos/ledger/queryresult",
    "protos/msp",
    "protos/peer",
    "protos/utils"
  ]
  revision = "014d6befcf67f3787bb3d67ff34e1a98dc6aec5f"
  version = "v1.0.5"

[[projects]]
  name = "github.com/hyperledger/fabric-sdk-go"
  packages = [
    "api/apiconfig",
    "api/apicore",
    "api/apicryptosuite",
    "api/apifabca",
    "api/apifabclient",
    "api/apilogging",
    "api/apitxn",
    "api/apitxn/chmgmtclient",
    "api/apitxn/resmgmtclient",
    "def/factory/defclient",
    "def/factory/defcore",
    "def/factory/defsvc",
    "def/provider/fabpvdr",
    "internal/github.com/hyperledger/fabric-ca/api",
    "internal/github.com/hyperledger/fabric-ca/lib",
    "internal/github.com/hyperledger/fabric-ca/lib/tls",
    "internal/github.com/hyperledger/fabric-ca/sdkpatch/cryptosuitebridge",
    "internal/github.com/hyperledger/fabric-ca/sdkpatch/logbridge",
    "internal/github.com/hyperledger/fabric-ca/util",
    "internal/github.com/hyperledger/fabric/bccsp",
    "internal/github.com/hyperledger/fabric/bccsp/factory/sw",
    "internal/github.com/hyperledger/fabric/bccsp/signer",
    "internal/github.com/hyperledger/fabric/bccsp/sw",
    "internal/github.com/hyperledger/fabric/bccsp/utils",
    "internal/github.com/hyperledger/fabric/common/channelconfig",
    "internal/github.com/hyperledger/fabric/common/crypto",
    "internal/github.com/hyperledger/fabric/common/util",
    "internal/github.com/hyperledger/fabric/events/consumer",
    "internal/github.com/hyperledger/fabric/msp",
    "internal/github.com/hyperledger/fabric/protos/orderer",
    "internal/github.com/hyperledger/fabric/sdkpatch/cryptosuitebridge",
    "internal/github.com/hyperledger/fabric/sdkpatch/logbridge",
    "pkg/config",
    "pkg/config/comm",
    "pkg/config/cryptoutil",
    "pkg/config/urlutil",
    "pkg/cryptosuite",
    "pkg/cryptosuite/bccsp/sw",
    "pkg/cryptosuite/bccsp/wrapper",
    "pkg/errors",
    "pkg/fabric-ca-client",
    "pkg/fabric-client",
    "pkg/fabric-client/ccpackager/gopackager",
    "pkg/fabric-client/channel",
    "pkg/fabric-client/credentialmgr",
    "pkg/fabric-client/events",
    "pkg/fabric-client/events/consumer",
    "pkg/fabric-client/identity",
    "pkg/fabric-client/internal",
    "pkg/fabric-client/internal/txnproc",
    "pkg/fabric-client/keyvaluestore",
    "pkg/fabric-client/mocks",
    "pkg/fabric-client/orderer",
    "pkg/fabric-client/peer",
    "pkg/fabric-client/signingmgr",
    "pkg/fabric-txn/chclient",
    "pkg/fabric-txn/chmgmtclient",
    "pkg/fabric-txn/discovery/staticdiscovery",
    "pkg/fabric-txn/internal",
    "pkg/fabric-txn/resmgmtclient",
    "pkg/fabric-txn/selection/staticselection",
    "pkg/fabsdk",
    "pkg/fabsdk/api",
    "pkg/logging",
    "pkg/logging/decorator",
    "pkg/logging/modlog",
    "pkg/logging/utils",
    "pkg/status",
    "test/integration",
    "test/metadata",
    "third_party/github.com/hyperledger/fabric/common/cauthdsl",
    "third_party/github.com/hyperledger/fabric/core/ledger/kvledger/txmgmt/rwsetutil",
    "third_party/github.com/hyperledger/fabric/core/ledger/util",
    "third_party/github.com/hyperledger/fabric/protos/common",
    "third_party/github.com/hyperledger/fabric/protos/ledger/rwset",
    "third_party/github.com/hyperledger/fabric/protos/ledger/rwset/kvrwset",
    "third_party/github.com/hyperledger/fabric/protos/msp",
    "third_party/github.com/hyperledger/fabric/protos/orderer",
    "third_party/github.com/hyperledger/fabric/protos/peer",
    "third_party/github.com/hyperledger/fabric/protos/utils"
  ]
  revision = "3a0dae27f5b5b53c01a51a24c0080a3f0253f5aa"

[[projects]]
  branch = "master"
  name = "github.com/looplab/fsm"
  packages = ["."]
  revision = "8def87414f14eaa69e4ee40abd20a7c195cea6f4"

[[projects]]
  name = "github.com/magiconair/properties"
  packages = ["."]
  revision = "d419a98cdbed11a922bf76f257b7c4be79b50e73"
  version = "v1.7.4"

[[projects]]
  branch = "master"
  name = "github.com/miekg/pkcs11"
  packages = ["."]
  revision = "57296583125bf58643f8bac3635bc1af1d65a6df"

[[projects]]
  branch = "master"
  name = "github.com/mitchellh/mapstructure"
  packages = ["."]
  revision = "b4575eea38cca1123ec2dc90c26529b5c5acfcff"

[[projects]]
  name = "github.com/op/go-logging"
  packages = ["."]
  revision = "b2cb9fa56473e98db8caba80237377e83fe44db5"
  version = "v1"

[[projects]]
  name = "github.com/opencontainers/go-digest"
  packages = ["."]
  revision = "279bed98673dd5bef374d3b6e4b09e2af76183bf"
  version = "v1.0.0-rc1"

[[projects]]
  name = "github.com/opencontainers/image-spec"
  packages = [
    "specs-go",
    "specs-go/v1"
  ]
  revision = "d60099175f88c47cd379c4738d158884749ed235"
  version = "v1.0.1"

[[projects]]
  name = "github.com/opencontainers/runc"
  packages = [
    "libcontainer/system",
    "libcontainer/user"
  ]
  revision = "baf6536d6259209c3edfa2b22237af82942d3dfa"
  version = "v0.1.1"

[[projects]]
  name = "github.com/pelletier/go-toml"
  packages = ["."]
  revision = "acdc4509485b587f5e675510c4f2c63e90ff68a8"
  version = "v1.1.0"

[[projects]]
  branch = "master"
  name = "github.com/pkg/errors"
  packages = ["."]
  revision = "e881fd58d78e04cf6d0de1217f8707c8cc2249bc"

[[projects]]
  name = "github.com/sirupsen/logrus"
  packages = ["."]
  revision = "d682213848ed68c0a260ca37d6dd5ace8423f5ba"
  version = "v1.0.4"

[[projects]]
  name = "github.com/spf13/afero"
  packages = [
    ".",
    "mem"
  ]
  revision = "bb8f1927f2a9d3ab41c9340aa034f6b803f4359c"
  version = "v1.0.2"

[[projects]]
  name = "github.com/spf13/cast"
  packages = ["."]
  revision = "acbeb36b902d72a7a4c18e8f3241075e7ab763e4"
  version = "v1.1.0"

[[projects]]
  branch = "master"
  name = "github.com/spf13/jwalterweatherman"
  packages = ["."]
  revision = "7c0cea34c8ece3fbeb2b27ab9b59511d360fb394"

[[projects]]
  name = "github.com/spf13/pflag"
  packages = ["."]
  revision = "e57e3eeb33f795204c1ca35f56c44f83227c6e66"
  version = "v1.0.0"

[[projects]]
  branch = "master"
  name = "github.com/spf13/viper"
  packages = ["."]
  revision = "aafc9e6bc7b7bb53ddaa75a5ef49a17d6e654be5"

[[projects]]
  branch = "master"
  name = "golang.org/x/crypto"
  packages = [
    "ocsp",
    "pkcs12",
    "pkcs12/internal/rc2",
    "sha3",
    "ssh/terminal"
  ]
  revision = "0efb9460aaf800c6376acf625be2853bceac2e06"

[[projects]]
  branch = "master"
  name = "golang.org/x/net"
  packages = [
    "context",
    "context/ctxhttp",
    "http2",
    "http2/hpack",
    "idna",
    "internal/timeseries",
    "lex/httplex",
    "trace"
  ]
  revision = "0ed95abb35c445290478a5348a7b38bb154135fd"

[[projects]]
  branch = "master"
  name = "golang.org/x/sync"
  packages = ["syncmap"]
  revision = "fd80eb99c8f653c847d294a001bdf2a3a6f768f5"

[[projects]]
  branch = "master"
  name = "golang.org/x/sys"
  packages = [
    "unix",
    "windows"
  ]
  revision = "03467258950d845cd1877eab69461b98e8c09219"

[[projects]]
  branch = "master"
  name = "golang.org/x/text"
  packages = [
    "collate",
    "collate/build",
    "internal/colltab",
    "internal/gen",
    "internal/tag",
    "internal/triegen",
    "internal/ucd",
    "language",
    "secure/bidirule",
    "transform",
    "unicode/bidi",
    "unicode/cldr",
    "unicode/norm",
    "unicode/rangetable"
  ]
  revision = "e19ae1496984b1c655b8044a65c0300a3c878dd3"

[[projects]]
  branch = "master"
  name = "google.golang.org/genproto"
  packages = ["googleapis/rpc/status"]
  revision = "4eb30f4778eed4c258ba66527a0d4f9ec8a36c45"

[[projects]]
  name = "google.golang.org/grpc"
  packages = [
    ".",
    "balancer",
    "balancer/base",
    "balancer/roundrobin",
    "codes",
    "connectivity",
    "credentials",
    "encoding",
    "grpclb/grpc_lb_v1/messages",
    "grpclog",
    "internal",
    "keepalive",
    "metadata",
    "naming",
    "peer",
    "resolver",
    "resolver/dns",
    "resolver/passthrough",
    "stats",
    "status",
    "tap",
    "transport"
  ]
  revision = "6b51017f791ae1cfbec89c52efdf444b13b550ef"
  version = "v1.9.2"

[[projects]]
  branch = "v2"
  name = "gopkg.in/yaml.v2"
  packages = ["."]
  revision = "d670f9405373e636a5a2765eea47fac0c9bc91a4"

[solve-meta]
  analyzer-name = "dep"
  analyzer-version = 1
  inputs-digest = "14833b57177d364bba2be26696f44714f8750ca66c897eb56deea40f7dd14988"
  solver-name = "gps-cdcl"
  solver-version = 1
